
Microsoft Visual Studio Solution File, Format Version 12.00
# Visual Studio Version 16
VisualStudioVersion = 16.0.29102.190
MinimumVisualStudioVersion = 10.0.40219.1
Project("{FAE04EC0-301F-11D3-BF4B-00C04F79EFBC}") = "simpleCiphers", "simpleCiphers\simpleCiphers.csproj", "{315E0AAC-E5FC-44A9-B38E-2DE6270E756E}"
EndProject
Global
	GlobalSection(SolutionConfigurationPlatforms) = preSolution
		Debug|Any CPU = Debug|Any CPU
		Release|Any CPU = Release|Any CPU
	EndGlobalSection
	GlobalSection(ProjectConfigurationPlatforms) = postSolution
		{315E0AAC-E5FC-44A9-B38E-2DE6270E756E}.Debug|Any CPU.ActiveCfg = Debug|Any CPU
		{315E0AAC-E5FC-44A9-B38E-2DE6270E756E}.Debug|Any CPU.Build.0 = Debug|Any CPU
		{315E0AAC-E5FC-44A9-B38E-2DE6270E756E}.Release|Any CPU.ActiveCfg = Release|Any CPU
		{315E0AAC-E5FC-44A9-B38E-2DE6270E756E}.Release|Any CPU.Build.0 = Release|Any CPU
	EndGlobalSection
	GlobalSection(SolutionProperties) = preSolution
		HideSolutionNode = FALSE
	EndGlobalSection
	GlobalSection(ExtensibilityGlobals) = postSolution
		SolutionGuid = {0C97638C-DF86-421D-B9CC-FB63843A4DCC}
	EndGlobalSection
EndGlobal
